
Microsoft Visual Studio Solution File, Format Version 12.00
# Visual Studio Version 16
VisualStudioVersion = 16.0.30002.166
MinimumVisualStudioVersion = 10.0.40219.1
Project("{8BC9CEB8-8B4A-11D0-8D11-00A0C91BC942}") = "lab7haine", "lab7haine\lab7haine.vcxproj", "{D49089AF-BBE8-4ED4-871A-DDD74E9FBE08}"
EndProject
Global
	GlobalSection(SolutionConfigurationPlatforms) = preSolution
		Debug|x64 = Debug|x64
		Debug|x86 = Debug|x86
		Release|x64 = Release|x64
		Release|x86 = Release|x86
	EndGlobalSection
	GlobalSection(ProjectConfigurationPlatforms) = postSolution
		{D49089AF-BBE8-4ED4-871A-DDD74E9FBE08}.Debug|x64.ActiveCfg = Debug|x64
		{D49089AF-BBE8-4ED4-871A-DDD74E9FBE08}.Debug|x64.Build.0 = Debug|x64
		{D49089AF-BBE8-4ED4-871A-DDD74E9FBE08}.Debug|x86.ActiveCfg = Debug|Win32
		{D49089AF-BBE8-4ED4-871A-DDD74E9FBE08}.Debug|x86.Build.0 = Debug|Win32
		{D49089AF-BBE8-4ED4-871A-DDD74E9FBE08}.Release|x64.ActiveCfg = Release|x64
		{D49089AF-BBE8-4ED4-871A-DDD74E9FBE08}.Release|x64.Build.0 = Release|x64
		{D49089AF-BBE8-4ED4-871A-DDD74E9FBE08}.Release|x86.ActiveCfg = Release|Win32
		{D49089AF-BBE8-4ED4-871A-DDD74E9FBE08}.Release|x86.Build.0 = Release|Win32
	EndGlobalSection
	GlobalSection(SolutionProperties) = preSolution
		HideSolutionNode = FALSE
	EndGlobalSection
	GlobalSection(ExtensibilityGlobals) = postSolution
		SolutionGuid = {A34F7CEA-9C47-46C1-AE7C-0BF0B6A4790D}
	EndGlobalSection
EndGlobal
